// !$*UTF8*$!
{
	archiveVersion = 1;
	classes = {
	};
	objectVersion = 50;
	objects = {

/* Begin PBXBuildFile section */
		99E3D350233120040090D73A /* AppDelegate.swift in Sources */ = {isa = PBXBuildFile; fileRef = 99E3D34F233120040090D73A /* AppDelegate.swift */; };
		99E3D352233120040090D73A /* ViewController.swift in Sources */ = {isa = PBXBuildFile; fileRef = 99E3D351233120040090D73A /* ViewController.swift */; };
		99E3D355233120040090D73A /* Main.storyboard in Resources */ = {isa = PBXBuildFile; fileRef = 99E3D353233120040090D73A /* Main.storyboard */; };
		99E3D357233120070090D73A /* Assets.xcassets in Resources */ = {isa = PBXBuildFile; fileRef = 99E3D356233120070090D73A /* Assets.xcassets */; };
		99E3D35A233120070090D73A /* LaunchScreen.storyboard in Resources */ = {isa = PBXBuildFile; fileRef = 99E3D358233120070090D73A /* LaunchScreen.storyboard */; };
		99E3D382233120F70090D73A /* ZLKit.framework in Frameworks */ = {isa = PBXBuildFile; fileRef = 99E3D37B233120330090D73A /* ZLKit.framework */; };
		EEE950B83841F534873169FB /* Pods_ZLKitTest.framework in Frameworks */ = {isa = PBXBuildFile; fileRef = 4A376098A05E5BF77D9EA87A /* Pods_ZLKitTest.framework */; };
/* End PBXBuildFile section */

/* Begin PBXContainerItemProxy section */
		99E3D37A233120330090D73A /* PBXContainerItemProxy */ = {
			isa = PBXContainerItemProxy;
			containerPortal = 99E3D376233120320090D73A /* ZLKit.xcodeproj */;
			proxyType = 2;
			remoteGlobalIDString = 99E3D36B233120320090D73A;
			remoteInfo = ZLKit;
		};
/* End PBXContainerItemProxy section */

/* Begin PBXFileReference section */
		4A376098A05E5BF77D9EA87A /* Pods_ZLKitTest.framework */ = {isa = PBXFileReference; explicitFileType = wrapper.framework; includeInIndex = 0; path = Pods_ZLKitTest.framework; sourceTree = BUILT_PRODUCTS_DIR; };
		4D65CC77F0F2F9048A721272 /* Pods-ZLKitTest.debug.xcconfig */ = {isa = PBXFileReference; includeInIndex = 1; lastKnownFileType = text.xcconfig; name = "Pods-ZLKitTest.debug.xcconfig"; path = "Target Support Files/Pods-ZLKitTest/Pods-ZLKitTest.debug.xcconfig"; sourceTree = "<group>"; };
		65033592D402F9436BA8F82C /* Pods-ZLKitTest.release.xcconfig */ = {isa = PBXFileReference; includeInIndex = 1; lastKnownFileType = text.xcconfig; name = "Pods-ZLKitTest.release.xcconfig"; path = "Target Support Files/Pods-ZLKitTest/Pods-ZLKitTest.release.xcconfig"; sourceTree = "<group>"; };
		99E3D34C233120040090D73A /* ZLKitTest.app */ = {isa = PBXFileReference; explicitFileType = wrapper.application; includeInIndex = 0; path = ZLKitTest.app; sourceTree = BUILT_PRODUCTS_DIR; };
		99E3D34F233120040090D73A /* AppDelegate.swift */ = {isa = PBXFileReference; lastKnownFileType = sourcecode.swift; path = AppDelegate.swift; sourceTree = "<group>"; };
		99E3D351233120040090D73A /* ViewController.swift */ = {isa = PBXFileReference; lastKnownFileType = sourcecode.swift; path = ViewController.swift; sourceTree = "<group>"; };
		99E3D354233120040090D73A /* Base */ = {isa = PBXFileReference; lastKnownFileType = file.storyboard; name = Base; path = Base.lproj/Main.storyboard; sourceTree = "<group>"; };
		99E3D356233120070090D73A /* Assets.xcassets */ = {isa = PBXFileReference; lastKnownFileType = folder.assetcatalog; path = Assets.xcassets; sourceTree = "<group>"; };
		99E3D359233120070090D73A /* Base */ = {isa = PBXFileReference; lastKnownFileType = file.storyboard; name = Base; path = Base.lproj/LaunchScreen.storyboard; sourceTree = "<group>"; };
		99E3D35B233120070090D73A /* Info.plist */ = {isa = PBXFileReference; lastKnownFileType = text.plist.xml; path = Info.plist; sourceTree = "<group>"; };
		99E3D376233120320090D73A /* ZLKit.xcodeproj */ = {isa = PBXFileReference; lastKnownFileType = "wrapper.pb-project"; name = ZLKit.xcodeproj; path = ZLKit/ZLKit.xcodeproj; sourceTree = "<group>"; };
/* End PBXFileReference section */

/* Begin PBXFrameworksBuildPhase section */
		99E3D349233120040090D73A /* Frameworks */ = {
			isa = PBXFrameworksBuildPhase;
			buildActionMask = 2147483647;
			files = (
				99E3D382233120F70090D73A /* ZLKit.framework in Frameworks */,
				EEE950B83841F534873169FB /* Pods_ZLKitTest.framework in Frameworks */,
			);
			runOnlyForDeploymentPostprocessing = 0;
		};
/* End PBXFrameworksBuildPhase section */

/* Begin PBXGroup section */
		99E3D343233120040090D73A = {
			isa = PBXGroup;
			children = (
				99E3D376233120320090D73A /* ZLKit.xcodeproj */,
				99E3D34E233120040090D73A /* ZLKitTest */,
				99E3D34D233120040090D73A /* Products */,
				99E3D381233120F70090D73A /* Frameworks */,
				ED8AFD81B70BA2E8BAFE6586 /* Pods */,
			);
			sourceTree = "<group>";
		};
		99E3D34D233120040090D73A /* Products */ = {
			isa = PBXGroup;
			children = (
				99E3D34C233120040090D73A /* ZLKitTest.app */,
			);
			name = Products;
			sourceTree = "<group>";
		};
		99E3D34E233120040090D73A /* ZLKitTest */ = {
			isa = PBXGroup;
			children = (
				99E3D34F233120040090D73A /* AppDelegate.swift */,
				99E3D351233120040090D73A /* ViewController.swift */,
				99E3D353233120040090D73A /* Main.storyboard */,
				99E3D356233120070090D73A /* Assets.xcassets */,
				99E3D358233120070090D73A /* LaunchScreen.storyboard */,
				99E3D35B233120070090D73A /* Info.plist */,
			);
			path = ZLKitTest;
			sourceTree = "<group>";
		};
		99E3D377233120320090D73A /* Products */ = {
			isa = PBXGroup;
			children = (
				99E3D37B233120330090D73A /* ZLKit.framework */,
			);
			name = Products;
			sourceTree = "<group>";
		};
		99E3D381233120F70090D73A /* Frameworks */ = {
			isa = PBXGroup;
			children = (
				4A376098A05E5BF77D9EA87A /* Pods_ZLKitTest.framework */,
			);
			name = Frameworks;
			sourceTree = "<group>";
		};
		ED8AFD81B70BA2E8BAFE6586 /* Pods */ = {
			isa = PBXGroup;
			children = (
				4D65CC77F0F2F9048A721272 /* Pods-ZLKitTest.debug.xcconfig */,
				65033592D402F9436BA8F82C /* Pods-ZLKitTest.release.xcconfig */,
			);
			name = Pods;
			path = Pods;
			sourceTree = "<group>";
		};
/* End PBXGroup section */

/* Begin PBXNativeTarget section */
		99E3D34B233120040090D73A /* ZLKitTest */ = {
			isa = PBXNativeTarget;
			buildConfigurationList = 99E3D35E233120070090D73A /* Build configuration list for PBXNativeTarget "ZLKitTest" */;
			buildPhases = (
				5A8D98EC70CAC15FD5268597 /* [CP] Check Pods Manifest.lock */,
				99E3D348233120040090D73A /* Sources */,
				99E3D349233120040090D73A /* Frameworks */,
				99E3D34A233120040090D73A /* Resources */,
				A38333F300D2EB8D2AAF8F08 /* [CP] Embed Pods Frameworks */,
			);
			buildRules = (
			);
			dependencies = (
			);
			name = ZLKitTest;
			productName = ZLKitTest;
			productReference = 99E3D34C233120040090D73A /* ZLKitTest.app */;
			productType = "com.apple.product-type.application";
		};
/* End PBXNativeTarget section */

/* Begin PBXProject section */
		99E3D344233120040090D73A /* Project object */ = {
			isa = PBXProject;
			attributes = {
				LastSwiftUpdateCheck = 1020;
				LastUpgradeCheck = 1020;
				ORGANIZATIONNAME = "dev-zhang";
				TargetAttributes = {
					99E3D34B233120040090D73A = {
						CreatedOnToolsVersion = 10.2.1;
					};
				};
			};
			buildConfigurationList = 99E3D347233120040090D73A /* Build configuration list for PBXProject "ZLKitTest" */;
			compatibilityVersion = "Xcode 9.3";
			developmentRegion = en;
			hasScannedForEncodings = 0;
			knownRegions = (
				en,
				Base,
			);
			mainGroup = 99E3D343233120040090D73A;
			productRefGroup = 99E3D34D233120040090D73A /* Products */;
			projectDirPath = "";
			projectReferences = (
				{
					ProductGroup = 99E3D377233120320090D73A /* Products */;
					ProjectRef = 99E3D376233120320090D73A /* ZLKit.xcodeproj */;
				},
			);
			projectRoot = "";
			targets = (
				99E3D34B233120040090D73A /* ZLKitTest */,
			);
		};
/* End PBXProject section */

/* Begin PBXReferenceProxy section */
		99E3D37B233120330090D73A /* ZLKit.framework */ = {
			isa = PBXReferenceProxy;
			fileType = wrapper.framework;
			path = ZLKit.framework;
			remoteRef = 99E3D37A233120330090D73A /* PBXContainerItemProxy */;
			sourceTree = BUILT_PRODUCTS_DIR;
		};
/* End PBXReferenceProxy section */

/* Begin PBXResourcesBuildPhase section */
		99E3D34A233120040090D73A /* Resources */ = {
			isa = PBXResourcesBuildPhase;
			buildActionMask = 2147483647;
			files = (
				99E3D35A233120070090D73A /* LaunchScreen.storyboard in Resources */,
				99E3D357233120070090D73A /* Assets.xcassets in Resources */,
				99E3D355233120040090D73A /* Main.storyboard in Resources */,
			);
			runOnlyForDeploymentPostprocessing = 0;
		};
/* End PBXResourcesBuildPhase section */

/* Begin PBXShellScriptBuildPhase section */
		5A8D98EC70CAC15FD5268597 /* [CP] Check Pods Manifest.lock */ = {
			isa = PBXShellScriptBuildPhase;
			buildActionMask = 2147483647;
			files = (
			);
			inputFileListPaths = (
			);
			inputPaths = (
				"${PODS_PODFILE_DIR_PATH}/Podfile.lock",
				"${PODS_ROOT}/Manifest.lock",
			);
			name = "[CP] Check Pods Manifest.lock";
			outputFileListPaths = (
			);
			outputPaths = (
				"$(DERIVED_FILE_DIR)/Pods-ZLKitTest-checkManifestLockResult.txt",
			);
			runOnlyForDeploymentPostprocessing = 0;
			shellPath = /bin/sh;
			shellScript = "diff \"${PODS_PODFILE_DIR_PATH}/Podfile.lock\" \"${PODS_ROOT}/Manifest.lock\" > /dev/null\nif [ $? != 0 ] ; then\n    # print error to STDERR\n    echo \"error: The sandbox is not in sync with the Podfile.lock. Run 'pod install' or update your CocoaPods installation.\" >&2\n    exit 1\nfi\n# This output is used by Xcode 'outputs' to avoid re-running this script phase.\necho \"SUCCESS\" > \"${SCRIPT_OUTPUT_FILE_0}\"\n";
			showEnvVarsInLog = 0;
		};
		A38333F300D2EB8D2AAF8F08 /* [CP] Embed Pods Frameworks */ = {
			isa = PBXShellScriptBuildPhase;
			buildActionMask = 2147483647;
			files = (
			);
			inputFileListPaths = (
				"${PODS_ROOT}/Target Support Files/Pods-ZLKitTest/Pods-ZLKitTest-frameworks-${CONFIGURATION}-input-files.xcfilelist",
			);
			name = "[CP] Embed Pods Frameworks";
			outputFileListPaths = (
				"${PODS_ROOT}/Target Support Files/Pods-ZLKitTest/Pods-ZLKitTest-frameworks-${CONFIGURATION}-output-files.xcfilelist",
			);
			runOnlyForDeploymentPostprocessing = 0;
			shellPath = /bin/sh;
			shellScript = "\"${PODS_ROOT}/Target Support Files/Pods-ZLKitTest/Pods-ZLKitTest-frameworks.sh\"\n";
			showEnvVarsInLog = 0;
		};
/* End PBXShellScriptBuildPhase section */

/* Begin PBXSourcesBuildPhase section */
		99E3D348233120040090D73A /* Sources */ = {
			isa = PBXSourcesBuildPhase;
			buildActionMask = 2147483647;
			files = (
				99E3D352233120040090D73A /* ViewController.swift in Sources */,
				99E3D350233120040090D73A /* AppDelegate.swift in Sources */,
			);
			runOnlyForDeploymentPostprocessing = 0;
		};
/* End PBXSourcesBuildPhase section */

/* Begin PBXVariantGroup section */
		99E3D353233120040090D73A /* Main.storyboard */ = {
			isa = PBXVariantGroup;
			children = (
				99E3D354233120040090D73A /* Base */,
			);
			name = Main.storyboard;
			sourceTree = "<group>";
		};
		99E3D358233120070090D73A /* LaunchScreen.storyboard */ = {
			isa = PBXVariantGroup;
			children = (
				99E3D359233120070090D73A /* Base */,
			);
			name = LaunchScreen.storyboard;
			sourceTree = "<group>";
		};
/* End PBXVariantGroup section */

/* Begin XCBuildConfiguration section */
		99E3D35C233120070090D73A /* Debug */ = {
			isa = XCBuildConfiguration;
			buildSettings = {
				ALWAYS_SEARCH_USER_PATHS = NO;
				CLANG_ANALYZER_NONNULL = YES;
				CLANG_ANALYZER_NUMBER_OBJECT_CONVERSION = YES_AGGRESSIVE;
				CLANG_CXX_LANGUAGE_STANDARD = "gnu++14";
				CLANG_CXX_LIBRARY = "libc++";
				CLANG_ENABLE_MODULES = YES;
				CLANG_ENABLE_OBJC_ARC = YES;
				CLANG_ENABLE_OBJC_WEAK = YES;
				CLANG_WARN_BLOCK_CAPTURE_AUTORELEASING = YES;
				CLANG_WARN_BOOL_CONVERSION = YES;
				CLANG_WARN_COMMA = YES;
				CLANG_WARN_CONSTANT_CONVERSION = YES;
				CLANG_WARN_DEPRECATED_OBJC_IMPLEMENTATIONS = YES;
				CLANG_WARN_DIRECT_OBJC_ISA_USAGE = YES_ERROR;
				CLANG_WARN_DOCUMENTATION_COMMENTS = YES;
				CLANG_WARN_EMPTY_BODY = YES;
				CLANG_WARN_ENUM_CONVERSION = YES;
				CLANG_WARN_INFINITE_RECURSION = YES;
				CLANG_WARN_INT_CONVERSION = YES;
				CLANG_WARN_NON_LITERAL_NULL_CONVERSION = YES;
				CLANG_WARN_OBJC_IMPLICIT_RETAIN_SELF = YES;
				CLANG_WARN_OBJC_LITERAL_CONVERSION = YES;
				CLANG_WARN_OBJC_ROOT_CLASS = YES_ERROR;
				CLANG_WARN_RANGE_LOOP_ANALYSIS = YES;
				CLANG_WARN_STRICT_PROTOTYPES = YES;
				CLANG_WARN_SUSPICIOUS_MOVE = YES;
				CLANG_WARN_UNGUARDED_AVAILABILITY = YES_AGGRESSIVE;
				CLANG_WARN_UNREACHABLE_CODE = YES;
				CLANG_WARN__DUPLICATE_METHOD_MATCH = YES;
				CODE_SIGN_IDENTITY = "iPhone Developer";
				COPY_PHASE_STRIP = NO;
				DEBUG_INFORMATION_FORMAT = dwarf;
				ENABLE_STRICT_OBJC_MSGSEND = YES;
				ENABLE_TESTABILITY = YES;
				GCC_C_LANGUAGE_STANDARD = gnu11;
				GCC_DYNAMIC_NO_PIC = NO;
				GCC_NO_COMMON_BLOCKS = YES;
				GCC_OPTIMIZATION_LEVEL = 0;
				GCC_PREPROCESSOR_DEFINITIONS = (
					"DEBUG=1",
					"$(inherited)",
				);
				GCC_WARN_64_TO_32_BIT_CONVERSION = YES;
				GCC_WARN_ABOUT_RETURN_TYPE = YES_ERROR;
				GCC_WARN_UNDECLARED_SELECTOR = YES;
				GCC_WARN_UNINITIALIZED_AUTOS = YES_AGGRESSIVE;
				GCC_WARN_UNUSED_FUNCTION = YES;
				GCC_WARN_UNUSED_VARIABLE = YES;
				IPHONEOS_DEPLOYMENT_TARGET = 12.2;
				MTL_ENABLE_DEBUG_INFO = INCLUDE_SOURCE;
				MTL_FAST_MATH = YES;
				ONLY_ACTIVE_ARCH = YES;
				SDKROOT = iphoneos;
				SWIFT_ACTIVE_COMPILATION_CONDITIONS = DEBUG;
				SWIFT_OPTIMIZATION_LEVEL = "-Onone";
			};
			name = Debug;
		};
		99E3D35D233120070090D73A /* Release */ = {
			isa = XCBuildConfiguration;
			buildSettings = {
				ALWAYS_SEARCH_USER_PATHS = NO;
				CLANG_ANALYZER_NONNULL = YES;
				CLANG_ANALYZER_NUMBER_OBJECT_CONVERSION = YES_AGGRESSIVE;
				CLANG_CXX_LANGUAGE_STANDARD = "gnu++14";
				CLANG_CXX_LIBRARY = "libc++";
				CLANG_ENABLE_MODULES = YES;
				CLANG_ENABLE_OBJC_ARC = YES;
				CLANG_ENABLE_OBJC_WEAK = YES;
				CLANG_WARN_BLOCK_CAPTURE_AUTORELEASING = YES;
				CLANG_WARN_BOOL_CONVERSION = YES;
				CLANG_WARN_COMMA = YES;
				CLANG_WARN_CONSTANT_CONVERSION = YES;
				CLANG_WARN_DEPRECATED_OBJC_IMPLEMENTATIONS = YES;
				CLANG_WARN_DIRECT_OBJC_ISA_USAGE = YES_ERROR;
				CLANG_WARN_DOCUMENTATION_COMMENTS = YES;
				CLANG_WARN_EMPTY_BODY = YES;
				CLANG_WARN_ENUM_CONVERSION = YES;
				CLANG_WARN_INFINITE_RECURSION = YES;
				CLANG_WARN_INT_CONVERSION = YES;
				CLANG_WARN_NON_LITERAL_NULL_CONVERSION = YES;
				CLANG_WARN_OBJC_IMPLICIT_RETAIN_SELF = YES;
				CLANG_WARN_OBJC_LITERAL_CONVERSION = YES;
				CLANG_WARN_OBJC_ROOT_CLASS = YES_ERROR;
				CLANG_WARN_RANGE_LOOP_ANALYSIS = YES;
				CLANG_WARN_STRICT_PROTOTYPES = YES;
				CLANG_WARN_SUSPICIOUS_MOVE = YES;
				CLANG_WARN_UNGUARDED_AVAILABILITY = YES_AGGRESSIVE;
				CLANG_WARN_UNREACHABLE_CODE = YES;
				CLANG_WARN__DUPLICATE_METHOD_MATCH = YES;
				CODE_SIGN_IDENTITY = "iPhone Developer";
				COPY_PHASE_STRIP = NO;
				DEBUG_INFORMATION_FORMAT = "dwarf-with-dsym";
				ENABLE_NS_ASSERTIONS = NO;
				ENABLE_STRICT_OBJC_MSGSEND = YES;
				GCC_C_LANGUAGE_STANDARD = gnu11;
				GCC_NO_COMMON_BLOCKS = YES;
				GCC_WARN_64_TO_32_BIT_CONVERSION = YES;
				GCC_WARN_ABOUT_RETURN_TYPE = YES_ERROR;
				GCC_WARN_UNDECLARED_SELECTOR = YES;
				GCC_WARN_UNINITIALIZED_AUTOS = YES_AGGRESSIVE;
				GCC_WARN_UNUSED_FUNCTION = YES;
				GCC_WARN_UNUSED_VARIABLE = YES;
				IPHONEOS_DEPLOYMENT_TARGET = 12.2;
				MTL_ENABLE_DEBUG_INFO = NO;
				MTL_FAST_MATH = YES;
				SDKROOT = iphoneos;
				SWIFT_COMPILATION_MODE = wholemodule;
				SWIFT_OPTIMIZATION_LEVEL = "-O";
				VALIDATE_PRODUCT = YES;
			};
			name = Release;
		};
		99E3D35F233120070090D73A /* Debug */ = {
			isa = XCBuildConfiguration;
			baseConfigurationReference = 4D65CC77F0F2F9048A721272 /* Pods-ZLKitTest.debug.xcconfig */;
			buildSettings = {
				ASSETCATALOG_COMPILER_APPICON_NAME = AppIcon;
				CODE_SIGN_STYLE = Automatic;
				DEVELOPMENT_TEAM = V3K6YHBVSM;
				INFOPLIST_FILE = ZLKitTest/Info.plist;
				LD_RUNPATH_SEARCH_PATHS = (
					"$(inherited)",
					"@executable_path/Frameworks",
				);
				PRODUCT_BUNDLE_IDENTIFIER = "com.dev-zhang.ZLKitTest";
				PRODUCT_NAME = "$(TARGET_NAME)";
				SWIFT_VERSION = 5.0;
				TARGETED_DEVICE_FAMILY = "1,2";
			};
			name = Debug;
		};
		99E3D360233120070090D73A /* Release */ = {
			isa = XCBuildConfiguration;
			baseConfigurationReference = 65033592D402F9436BA8F82C /* Pods-ZLKitTest.release.xcconfig */;
			buildSettings = {
				ASSETCATALOG_COMPILER_APPICON_NAME = AppIcon;
				CODE_SIGN_STYLE = Automatic;
				DEVELOPMENT_TEAM = V3K6YHBVSM;
				INFOPLIST_FILE = ZLKitTest/Info.plist;
				LD_RUNPATH_SEARCH_PATHS = (
					"$(inherited)",
					"@executable_path/Frameworks",
				);
				PRODUCT_BUNDLE_IDENTIFIER = "com.dev-zhang.ZLKitTest";
				PRODUCT_NAME = "$(TARGET_NAME)";
				SWIFT_VERSION = 5.0;
				TARGETED_DEVICE_FAMILY = "1,2";
			};
			name = Release;
		};
/* End XCBuildConfiguration section */

/* Begin XCConfigurationList section */
		99E3D347233120040090D73A /* Build configuration list for PBXProject "ZLKitTest" */ = {
			isa = XCConfigurationList;
			buildConfigurations = (
				99E3D35C233120070090D73A /* Debug */,
				99E3D35D233120070090D73A /* Release */,
			);
			defaultConfigurationIsVisible = 0;
			defaultConfigurationName = Release;
		};
		99E3D35E233120070090D73A /* Build configuration list for PBXNativeTarget "ZLKitTest" */ = {
			isa = XCConfigurationList;
			buildConfigurations = (
				99E3D35F233120070090D73A /* Debug */,
				99E3D360233120070090D73A /* Release */,
			);
			defaultConfigurationIsVisible = 0;
			defaultConfigurationName = Release;
		};
/* End XCConfigurationList section */
	};
	rootObject = 99E3D344233120040090D73A /* Project object */;
}
